
Microsoft Visual Studio Solution File, Format Version 12.00
# Visual Studio Version 16
VisualStudioVersion = 16.0.30920.304
MinimumVisualStudioVersion = 10.0.40219.1
Project("{FAE04EC0-301F-11D3-BF4B-00C04F79EFBC}") = "WinRTGuidPatcher", "WinRTGuidPatcher\WinRTGuidPatcher.csproj", "{FE09C4BB-7380-4E04-900E-A0EA54867FA4}"
EndProject
Global
	GlobalSection(SolutionConfigurationPlatforms) = preSolution
		Debug|Any CPU = Debug|Any CPU
		Release|Any CPU = Release|Any CPU
	EndGlobalSection
	GlobalSection(ProjectConfigurationPlatforms) = postSolution
		{FE09C4BB-7380-4E04-900E-A0EA54867FA4}.Debug|Any CPU.ActiveCfg = Debug|Any CPU
		{FE09C4BB-7380-4E04-900E-A0EA54867FA4}.Debug|Any CPU.Build.0 = Debug|Any CPU
		{FE09C4BB-7380-4E04-900E-A0EA54867FA4}.Release|Any CPU.ActiveCfg = Release|Any CPU
		{FE09C4BB-7380-4E04-900E-A0EA54867FA4}.Release|Any CPU.Build.0 = Release|Any CPU
	EndGlobalSection
	GlobalSection(SolutionProperties) = preSolution
		HideSolutionNode = FALSE
	EndGlobalSection
	GlobalSection(ExtensibilityGlobals) = postSolution
		SolutionGuid = {CF206C11-1CAA-4A70-9BBD-B00EAF6F184E}
	EndGlobalSection
EndGlobal
